
Microsoft Visual Studio Solution File, Format Version 12.00
# Visual Studio Version 16
VisualStudioVersion = 16.0.30320.27
MinimumVisualStudioVersion = 10.0.40219.1
Project("{FAE04EC0-301F-11D3-BF4B-00C04F79EFBC}") = "NoughtsAndCrossesConsoleUI", "NoughtsAndCrossesConsoleUI\NoughtsAndCrossesConsoleUI.csproj", "{82B18519-AC31-477C-9F92-3779EA1EE177}"
EndProject
Project("{FAE04EC0-301F-11D3-BF4B-00C04F79EFBC}") = "GridGamesLibrary", "GridGamesLibrary\GridGamesLibrary.csproj", "{7F51F27F-62DC-479B-8078-2ABF61D94BBA}"
EndProject
Project("{FAE04EC0-301F-11D3-BF4B-00C04F79EFBC}") = "GridGamesTests", "GridGamesTests\GridGamesTests.csproj", "{544A9ABC-813D-4DA1-A1A2-30580A891E6C}"
EndProject
Global
	GlobalSection(SolutionConfigurationPlatforms) = preSolution
		Debug|Any CPU = Debug|Any CPU
		Release|Any CPU = Release|Any CPU
	EndGlobalSection
	GlobalSection(ProjectConfigurationPlatforms) = postSolution
		{82B18519-AC31-477C-9F92-3779EA1EE177}.Debug|Any CPU.ActiveCfg = Debug|Any CPU
		{82B18519-AC31-477C-9F92-3779EA1EE177}.Debug|Any CPU.Build.0 = Debug|Any CPU
		{82B18519-AC31-477C-9F92-3779EA1EE177}.Release|Any CPU.ActiveCfg = Release|Any CPU
		{82B18519-AC31-477C-9F92-3779EA1EE177}.Release|Any CPU.Build.0 = Release|Any CPU
		{7F51F27F-62DC-479B-8078-2ABF61D94BBA}.Debug|Any CPU.ActiveCfg = Debug|Any CPU
		{7F51F27F-62DC-479B-8078-2ABF61D94BBA}.Debug|Any CPU.Build.0 = Debug|Any CPU
		{7F51F27F-62DC-479B-8078-2ABF61D94BBA}.Release|Any CPU.ActiveCfg = Release|Any CPU
		{7F51F27F-62DC-479B-8078-2ABF61D94BBA}.Release|Any CPU.Build.0 = Release|Any CPU
		{544A9ABC-813D-4DA1-A1A2-30580A891E6C}.Debug|Any CPU.ActiveCfg = Debug|Any CPU
		{544A9ABC-813D-4DA1-A1A2-30580A891E6C}.Debug|Any CPU.Build.0 = Debug|Any CPU
		{544A9ABC-813D-4DA1-A1A2-30580A891E6C}.Release|Any CPU.ActiveCfg = Release|Any CPU
		{544A9ABC-813D-4DA1-A1A2-30580A891E6C}.Release|Any CPU.Build.0 = Release|Any CPU
	EndGlobalSection
	GlobalSection(SolutionProperties) = preSolution
		HideSolutionNode = FALSE
	EndGlobalSection
	GlobalSection(ExtensibilityGlobals) = postSolution
		SolutionGuid = {14E320DC-12FB-4F28-9F9E-5F27A95E6B63}
	EndGlobalSection
EndGlobal
